
Microsoft Visual Studio Solution File, Format Version 12.00
# Visual Studio Version 17
VisualStudioVersion = 17.5.002.0
MinimumVisualStudioVersion = 10.0.40219.1
Project("{9A19103F-16F7-4668-BE54-9A1E7A4F7556}") = "TDE10", "TDE10.csproj", "{0A9CDF0A-7933-44D6-A114-AE28850ED1D6}"
EndProject
Global
	GlobalSection(SolutionConfigurationPlatforms) = preSolution
		Debug|Any CPU = Debug|Any CPU
		Release|Any CPU = Release|Any CPU
	EndGlobalSection
	GlobalSection(ProjectConfigurationPlatforms) = postSolution
		{0A9CDF0A-7933-44D6-A114-AE28850ED1D6}.Debug|Any CPU.ActiveCfg = Debug|Any CPU
		{0A9CDF0A-7933-44D6-A114-AE28850ED1D6}.Debug|Any CPU.Build.0 = Debug|Any CPU
		{0A9CDF0A-7933-44D6-A114-AE28850ED1D6}.Release|Any CPU.ActiveCfg = Release|Any CPU
		{0A9CDF0A-7933-44D6-A114-AE28850ED1D6}.Release|Any CPU.Build.0 = Release|Any CPU
	EndGlobalSection
	GlobalSection(SolutionProperties) = preSolution
		HideSolutionNode = FALSE
	EndGlobalSection
	GlobalSection(ExtensibilityGlobals) = postSolution
		SolutionGuid = {28FAB899-FC35-4F5E-AC2E-2A9269C16BD1}
	EndGlobalSection
EndGlobal
